<?xml version="1.0" encoding="utf-8"?>
<Project ToolsVersion="4.0" xmlns="http://schemas.microsoft.com/developer/msbuild/2003">
  <ItemGroup>
    <Filter Include="Kernel">
      <UniqueIdentifier>{9bc22686-06d1-4d9f-849d-a5ca4be18585}</UniqueIdentifier>
    </Filter>
    <Filter Include="Shared Files">
      <UniqueIdentifier>{ee2e0aaa-2266-4282-a452-f111206268fb}</UniqueIdentifier>
    </Filter>
    <Filter Include="Shared Files\Engine">
      <UniqueIdentifier>{79333bac-4359-45c9-ad17-c4b36ef44c67}</UniqueIdentifier>
    </Filter>
    <Filter Include="Shared Files\Editor">
      <UniqueIdentifier>{1c9f630e-397d-435c-b4e1-9cfbce352032}</UniqueIdentifier>
    </Filter>
    <Filter Include="Shared Files\Material">
      <UniqueIdentifier>{17d02365-18e1-452f-a784-4cda552b7df4}</UniqueIdentifier>
    </Filter>
    <Filter Include="Export Object">
      <UniqueIdentifier>{9f55deae-aec2-4c78-b3be-c56593759d9b}</UniqueIdentifier>
    </Filter>
    <Filter Include="Export Skin">
      <UniqueIdentifier>{e6dd451c-8f3f-47fd-a1ae-fcc332635cf6}</UniqueIdentifier>
    </Filter>
    <Filter Include="Export Skin Keys">
      <UniqueIdentifier>{723135f0-573d-41e0-9dbc-0eca6525fd41}</UniqueIdentifier>
    </Filter>
  </ItemGroup>
  <ItemGroup>
    <ClCompile Include="Export\MeshExpPlugin.cpp">
      <Filter>Kernel</Filter>
    </ClCompile>
    <ClCompile Include="Export\MeshExpUtility.cpp">
      <Filter>Kernel</Filter>
    </ClCompile>
    <ClCompile Include="Export\NetDeviceLog.cpp">
      <Filter>Kernel</Filter>
    </ClCompile>
    <ClCompile Include="Export\stdafx.cpp">
      <Filter>Kernel</Filter>
    </ClCompile>
    <ClCompile Include="..\Shared\bone.cpp">
      <Filter>Shared Files\Engine</Filter>
    </ClCompile>
    <ClCompile Include="..\Shared\Envelope.cpp">
      <Filter>Shared Files\Engine</Filter>
    </ClCompile>
    <ClCompile Include="..\Shared\interp.cpp">
      <Filter>Shared Files\Engine</Filter>
    </ClCompile>
    <ClCompile Include="..\Shared\motion.cpp">
      <Filter>Shared Files\Engine</Filter>
    </ClCompile>
    <ClCompile Include="..\Shared\EditMesh.cpp">
      <Filter>Shared Files\Editor</Filter>
    </ClCompile>
    <ClCompile Include="..\Shared\EditMeshIO.cpp">
      <Filter>Shared Files\Editor</Filter>
    </ClCompile>
    <ClCompile Include="..\Shared\EditMeshModify.cpp">
      <Filter>Shared Files\Editor</Filter>
    </ClCompile>
    <ClCompile Include="..\Shared\EditObject.cpp">
      <Filter>Shared Files\Editor</Filter>
    </ClCompile>
    <ClCompile Include="..\Shared\EditObjectIO.cpp">
      <Filter>Shared Files\Editor</Filter>
    </ClCompile>
    <ClCompile Include="..\Shared\EditObjectMotions.cpp">
      <Filter>Shared Files\Editor</Filter>
    </ClCompile>
    <ClCompile Include="..\Shared\ELog.cpp">
      <Filter>Shared Files\Editor</Filter>
    </ClCompile>
    <ClCompile Include="Export\FS2.CPP">
      <Filter>Shared Files\Editor</Filter>
    </ClCompile>
    <ClCompile Include="Export\EditMeshExportMAX.cpp">
      <Filter>Export Object</Filter>
    </ClCompile>
    <ClCompile Include="Export\EditObjectExportLWO.cpp">
      <Filter>Export Object</Filter>
    </ClCompile>
    <ClCompile Include="Export\EditObjectExportMAX.cpp">
      <Filter>Export Object</Filter>
    </ClCompile>
    <ClCompile Include="Export\BoneDef.cpp">
      <Filter>Export Skin</Filter>
    </ClCompile>
    <ClCompile Include="Export\Exporter.cpp">
      <Filter>Export Skin</Filter>
    </ClCompile>
    <ClCompile Include="Export\ExporterMotion.cpp">
      <Filter>Export Skin</Filter>
    </ClCompile>
    <ClCompile Include="Export\ExporterSkin.cpp">
      <Filter>Export Skin</Filter>
    </ClCompile>
    <ClCompile Include="..\Shared\Helper.cpp">
      <Filter>Export Skin</Filter>
    </ClCompile>
    <ClCompile Include="Export\ExportKeys.cpp">
      <Filter>Export Skin Keys</Filter>
    </ClCompile>
  </ItemGroup>
  <ItemGroup>
    <ClInclude Include="Export\MeshExpUtility.h">
      <Filter>Kernel</Filter>
    </ClInclude>
    <ClInclude Include="Export\NetDeviceLog.h">
      <Filter>Kernel</Filter>
    </ClInclude>
    <ClInclude Include="Export\Stdafx.h">
      <Filter>Kernel</Filter>
    </ClInclude>
    <ClInclude Include="..\Shared\bone.h">
      <Filter>Shared Files\Engine</Filter>
    </ClInclude>
    <ClInclude Include="..\Shared\envelope.h">
      <Filter>Shared Files\Engine</Filter>
    </ClInclude>
    <ClInclude Include="Export\Fmesh.h">
      <Filter>Shared Files\Engine</Filter>
    </ClInclude>
    <ClInclude Include="..\Shared\motion.h">
      <Filter>Shared Files\Engine</Filter>
    </ClInclude>
    <ClInclude Include="..\Shared\EditMesh.h">
      <Filter>Shared Files\Editor</Filter>
    </ClInclude>
    <ClInclude Include="..\Shared\EditObject.h">
      <Filter>Shared Files\Editor</Filter>
    </ClInclude>
    <ClInclude Include="..\Shared\ELog.h">
      <Filter>Shared Files\Editor</Filter>
    </ClInclude>
    <ClInclude Include="Export\FS2.H">
      <Filter>Shared Files\Editor</Filter>
    </ClInclude>
    <ClInclude Include="Export\lwchunks.h">
      <Filter>Shared Files\Editor</Filter>
    </ClInclude>
    <ClInclude Include="Export\Shader_xrLC.h">
      <Filter>Shared Files\Editor</Filter>
    </ClInclude>
    <ClInclude Include="Export\GameMaterial.h">
      <Filter>Shared Files\Material</Filter>
    </ClInclude>
    <ClInclude Include="Export\TexMaps.h">
      <Filter>Shared Files\Material</Filter>
    </ClInclude>
    <ClInclude Include="Export\XRayMtlRes.h">
      <Filter>Shared Files\Material</Filter>
    </ClInclude>
    <ClInclude Include="Export\Exporter.h">
      <Filter>Export Skin</Filter>
    </ClInclude>
    <ClInclude Include="..\Shared\Face.h">
      <Filter>Export Skin</Filter>
    </ClInclude>
    <ClInclude Include="..\Shared\Helper.h">
      <Filter>Export Skin</Filter>
    </ClInclude>
    <ClInclude Include="..\Shared\Vert.h">
      <Filter>Export Skin</Filter>
    </ClInclude>
  </ItemGroup>
  <ItemGroup>
    <ResourceCompile Include="Export\MeshExpUtility.rc">
      <Filter>Kernel</Filter>
    </ResourceCompile>
  </ItemGroup>
  <ItemGroup>
    <None Include="Export\MeshExpUtility.rh">
      <Filter>Kernel</Filter>
    </None>
    <None Include="Export\Utility.def">
      <Filter>Kernel</Filter>
    </None>
  </ItemGroup>
</Project>