
Microsoft Visual Studio Solution File, Format Version 10.00
# Visual Studio 2008
Project("{8BC9CEB8-8B4A-11D0-8D11-00A0C91BC942}") = "XR_3DA", "XR_3DA_2008.vcproj", "{2578C6D8-660D-48AE-9322-7422F8664F06}"
EndProject
Project("{8BC9CEB8-8B4A-11D0-8D11-00A0C91BC942}") = "BugTrap", "..\BugTrap\BugTrap_2008.vcproj", "{E8CF1ADA-264A-4127-86C2-FD7057D3792C}"
EndProject
Project("{8BC9CEB8-8B4A-11D0-8D11-00A0C91BC942}") = "zlib", "..\zlib\zlib_2008.vcproj", "{CA2604CA-A2AC-49A1-A468-8AB5A2E6CBC9}"
EndProject
Project("{2150E333-8FDC-42A3-9474-1A3956D46DE8}") = "bugtrap", "bugtrap", "{9BE0FEB4-8573-4863-8C81-9BB09550F689}"
EndProject
Project("{2150E333-8FDC-42A3-9474-1A3956D46DE8}") = "3rd party", "3rd party", "{850A665F-B4FD-4953-8575-AB8C5447A273}"
EndProject
Project("{8BC9CEB8-8B4A-11D0-8D11-00A0C91BC942}") = "minizip", "..\minizip\minizip_2008.vcproj", "{893279CB-0805-405F-B484-9BB728A18261}"
EndProject
Global
	GlobalSection(SolutionConfigurationPlatforms) = preSolution
		1111|Win32 = 1111|Win32
		Debug_Dedicated|Win32 = Debug_Dedicated|Win32
		Debug|Win32 = Debug|Win32
		Mixed_Dedicated|Win32 = Mixed_Dedicated|Win32
		Mixed|Win32 = Mixed|Win32
		Release_Dedicated|Win32 = Release_Dedicated|Win32
		Release|Win32 = Release|Win32
	EndGlobalSection
	GlobalSection(ProjectConfigurationPlatforms) = postSolution
		{2578C6D8-660D-48AE-9322-7422F8664F06}.1111|Win32.ActiveCfg = Release_Dedicated|Win32
		{2578C6D8-660D-48AE-9322-7422F8664F06}.1111|Win32.Build.0 = Release_Dedicated|Win32
		{2578C6D8-660D-48AE-9322-7422F8664F06}.Debug_Dedicated|Win32.ActiveCfg = Debug_Dedicated|Win32
		{2578C6D8-660D-48AE-9322-7422F8664F06}.Debug_Dedicated|Win32.Build.0 = Debug_Dedicated|Win32
		{2578C6D8-660D-48AE-9322-7422F8664F06}.Debug|Win32.ActiveCfg = Debug|Win32
		{2578C6D8-660D-48AE-9322-7422F8664F06}.Debug|Win32.Build.0 = Debug|Win32
		{2578C6D8-660D-48AE-9322-7422F8664F06}.Mixed_Dedicated|Win32.ActiveCfg = Mixed_Dedicated|Win32
		{2578C6D8-660D-48AE-9322-7422F8664F06}.Mixed_Dedicated|Win32.Build.0 = Mixed_Dedicated|Win32
		{2578C6D8-660D-48AE-9322-7422F8664F06}.Mixed|Win32.ActiveCfg = Mixed|Win32
		{2578C6D8-660D-48AE-9322-7422F8664F06}.Mixed|Win32.Build.0 = Mixed|Win32
		{2578C6D8-660D-48AE-9322-7422F8664F06}.Release_Dedicated|Win32.ActiveCfg = Release_Dedicated|Win32
		{2578C6D8-660D-48AE-9322-7422F8664F06}.Release_Dedicated|Win32.Build.0 = Release_Dedicated|Win32
		{2578C6D8-660D-48AE-9322-7422F8664F06}.Release|Win32.ActiveCfg = Release|Win32
		{2578C6D8-660D-48AE-9322-7422F8664F06}.Release|Win32.Build.0 = Release|Win32
		{E8CF1ADA-264A-4127-86C2-FD7057D3792C}.1111|Win32.ActiveCfg = Release|Win32
		{E8CF1ADA-264A-4127-86C2-FD7057D3792C}.1111|Win32.Build.0 = Release|Win32
		{E8CF1ADA-264A-4127-86C2-FD7057D3792C}.Debug_Dedicated|Win32.ActiveCfg = Debug|Win32
		{E8CF1ADA-264A-4127-86C2-FD7057D3792C}.Debug_Dedicated|Win32.Build.0 = Debug|Win32
		{E8CF1ADA-264A-4127-86C2-FD7057D3792C}.Debug|Win32.ActiveCfg = Debug|Win32
		{E8CF1ADA-264A-4127-86C2-FD7057D3792C}.Debug|Win32.Build.0 = Debug|Win32
		{E8CF1ADA-264A-4127-86C2-FD7057D3792C}.Mixed_Dedicated|Win32.ActiveCfg = Release|Win32
		{E8CF1ADA-264A-4127-86C2-FD7057D3792C}.Mixed_Dedicated|Win32.Build.0 = Release|Win32
		{E8CF1ADA-264A-4127-86C2-FD7057D3792C}.Mixed|Win32.ActiveCfg = Mixed|Win32
		{E8CF1ADA-264A-4127-86C2-FD7057D3792C}.Mixed|Win32.Build.0 = Mixed|Win32
		{E8CF1ADA-264A-4127-86C2-FD7057D3792C}.Release_Dedicated|Win32.ActiveCfg = Release|Win32
		{E8CF1ADA-264A-4127-86C2-FD7057D3792C}.Release_Dedicated|Win32.Build.0 = Release|Win32
		{E8CF1ADA-264A-4127-86C2-FD7057D3792C}.Release|Win32.ActiveCfg = Release|Win32
		{E8CF1ADA-264A-4127-86C2-FD7057D3792C}.Release|Win32.Build.0 = Release|Win32
		{CA2604CA-A2AC-49A1-A468-8AB5A2E6CBC9}.1111|Win32.ActiveCfg = Release|Win32
		{CA2604CA-A2AC-49A1-A468-8AB5A2E6CBC9}.1111|Win32.Build.0 = Release|Win32
		{CA2604CA-A2AC-49A1-A468-8AB5A2E6CBC9}.Debug_Dedicated|Win32.ActiveCfg = Debug|Win32
		{CA2604CA-A2AC-49A1-A468-8AB5A2E6CBC9}.Debug_Dedicated|Win32.Build.0 = Debug|Win32
		{CA2604CA-A2AC-49A1-A468-8AB5A2E6CBC9}.Debug|Win32.ActiveCfg = Debug|Win32
		{CA2604CA-A2AC-49A1-A468-8AB5A2E6CBC9}.Debug|Win32.Build.0 = Debug|Win32
		{CA2604CA-A2AC-49A1-A468-8AB5A2E6CBC9}.Mixed_Dedicated|Win32.ActiveCfg = Release|Win32
		{CA2604CA-A2AC-49A1-A468-8AB5A2E6CBC9}.Mixed_Dedicated|Win32.Build.0 = Release|Win32
		{CA2604CA-A2AC-49A1-A468-8AB5A2E6CBC9}.Mixed|Win32.ActiveCfg = Mixed|Win32
		{CA2604CA-A2AC-49A1-A468-8AB5A2E6CBC9}.Mixed|Win32.Build.0 = Mixed|Win32
		{CA2604CA-A2AC-49A1-A468-8AB5A2E6CBC9}.Release_Dedicated|Win32.ActiveCfg = Release|Win32
		{CA2604CA-A2AC-49A1-A468-8AB5A2E6CBC9}.Release_Dedicated|Win32.Build.0 = Release|Win32
		{CA2604CA-A2AC-49A1-A468-8AB5A2E6CBC9}.Release|Win32.ActiveCfg = Release|Win32
		{CA2604CA-A2AC-49A1-A468-8AB5A2E6CBC9}.Release|Win32.Build.0 = Release|Win32
		{893279CB-0805-405F-B484-9BB728A18261}.1111|Win32.ActiveCfg = Debug|Win32
		{893279CB-0805-405F-B484-9BB728A18261}.1111|Win32.Build.0 = Debug|Win32
		{893279CB-0805-405F-B484-9BB728A18261}.Debug_Dedicated|Win32.ActiveCfg = Debug|Win32
		{893279CB-0805-405F-B484-9BB728A18261}.Debug_Dedicated|Win32.Build.0 = Debug|Win32
		{893279CB-0805-405F-B484-9BB728A18261}.Debug|Win32.ActiveCfg = Debug|Win32
		{893279CB-0805-405F-B484-9BB728A18261}.Debug|Win32.Build.0 = Debug|Win32
		{893279CB-0805-405F-B484-9BB728A18261}.Mixed_Dedicated|Win32.ActiveCfg = Release|Win32
		{893279CB-0805-405F-B484-9BB728A18261}.Mixed_Dedicated|Win32.Build.0 = Release|Win32
		{893279CB-0805-405F-B484-9BB728A18261}.Mixed|Win32.ActiveCfg = Mixed|Win32
		{893279CB-0805-405F-B484-9BB728A18261}.Mixed|Win32.Build.0 = Mixed|Win32
		{893279CB-0805-405F-B484-9BB728A18261}.Release_Dedicated|Win32.ActiveCfg = Release|Win32
		{893279CB-0805-405F-B484-9BB728A18261}.Release_Dedicated|Win32.Build.0 = Release|Win32
		{893279CB-0805-405F-B484-9BB728A18261}.Release|Win32.ActiveCfg = Release|Win32
		{893279CB-0805-405F-B484-9BB728A18261}.Release|Win32.Build.0 = Release|Win32
	EndGlobalSection
	GlobalSection(SolutionProperties) = preSolution
		HideSolutionNode = FALSE
	EndGlobalSection
	GlobalSection(NestedProjects) = preSolution
		{9BE0FEB4-8573-4863-8C81-9BB09550F689} = {850A665F-B4FD-4953-8575-AB8C5447A273}
		{CA2604CA-A2AC-49A1-A468-8AB5A2E6CBC9} = {9BE0FEB4-8573-4863-8C81-9BB09550F689}
		{E8CF1ADA-264A-4127-86C2-FD7057D3792C} = {9BE0FEB4-8573-4863-8C81-9BB09550F689}
		{893279CB-0805-405F-B484-9BB728A18261} = {9BE0FEB4-8573-4863-8C81-9BB09550F689}
	EndGlobalSection
EndGlobal
