<?xml version="1.0" encoding="utf-8"?>
<Project ToolsVersion="4.0" xmlns="http://schemas.microsoft.com/developer/msbuild/2003">
  <ItemGroup>
    <Filter Include="Kernel">
      <UniqueIdentifier>{0ce59a49-219d-4c3e-8d02-34116f9d439d}</UniqueIdentifier>
    </Filter>
    <Filter Include="Shared Files">
      <UniqueIdentifier>{fb4eac7d-5050-4ea8-8324-be800f575605}</UniqueIdentifier>
    </Filter>
    <Filter Include="Shared Files\Engine">
      <UniqueIdentifier>{f9537d44-1128-4fa9-8f82-89439706327e}</UniqueIdentifier>
    </Filter>
    <Filter Include="Shared Files\Editor">
      <UniqueIdentifier>{6ffc3674-0a16-4d56-a5ee-7ab35359a7d2}</UniqueIdentifier>
    </Filter>
    <Filter Include="Shared Files\Plugins">
      <UniqueIdentifier>{2bfeca8e-582e-4967-95d4-5fac987ede04}</UniqueIdentifier>
    </Filter>
    <Filter Include="Shared Files\Server">
      <UniqueIdentifier>{6a556bb6-6e73-4719-b8fc-04a73b1b8a22}</UniqueIdentifier>
    </Filter>
    <Filter Include="Shader">
      <UniqueIdentifier>{ca3bb546-5cb7-485a-bfba-d0da10468d81}</UniqueIdentifier>
    </Filter>
  </ItemGroup>
  <ItemGroup>
    <ClCompile Include="shader\stdafx.cpp">
      <Filter>Kernel</Filter>
    </ClCompile>
    <ClCompile Include="shader\GameMtlLib.cpp">
      <Filter>Shared Files\Engine</Filter>
    </ClCompile>
    <ClCompile Include="shader\ELog.cpp">
      <Filter>Shared Files\Editor</Filter>
    </ClCompile>
    <ClCompile Include="shader\LW_Shader.cpp">
      <Filter>Shared Files\Editor</Filter>
    </ClCompile>
    <ClCompile Include="shader\BlenderListLoader.cpp">
      <Filter>Shared Files\Plugins</Filter>
    </ClCompile>
    <ClCompile Include="Server\servmain.c">
      <Filter>Shared Files\Server</Filter>
    </ClCompile>
    <ClCompile Include="shader\blotch.c">
      <Filter>Shader</Filter>
    </ClCompile>
  </ItemGroup>
  <ItemGroup>
    <ClInclude Include="shader\stdafx.h">
      <Filter>Kernel</Filter>
    </ClInclude>
    <ClInclude Include="shader\GameMtlLib.h">
      <Filter>Shared Files\Engine</Filter>
    </ClInclude>
    <ClInclude Include="shader\Shader_xrLC.h">
      <Filter>Shared Files\Engine</Filter>
    </ClInclude>
    <ClInclude Include="shader\ELog.h">
      <Filter>Shared Files\Editor</Filter>
    </ClInclude>
    <ClInclude Include="shader\LW_Shader.h">
      <Filter>Shared Files\Editor</Filter>
    </ClInclude>
    <ClInclude Include="shader\LW_ShaderDef.h">
      <Filter>Shared Files\Editor</Filter>
    </ClInclude>
    <ClInclude Include="shader\BlenderListLoader.h">
      <Filter>Shared Files\Plugins</Filter>
    </ClInclude>
    <ClInclude Include="shader\resource.h">
      <Filter>Shader</Filter>
    </ClInclude>
  </ItemGroup>
</Project>