<?xml version="1.0" encoding="utf-8"?>
<Project ToolsVersion="4.0" xmlns="http://schemas.microsoft.com/developer/msbuild/2003">
  <ItemGroup>
    <Filter Include="Kernel">
      <UniqueIdentifier>{0bf84317-1672-4fcb-b692-515b2fdc0082}</UniqueIdentifier>
    </Filter>
    <Filter Include="Shared Files">
      <UniqueIdentifier>{f36b6233-91b3-4a23-b848-7c6e4e77fd02}</UniqueIdentifier>
    </Filter>
    <Filter Include="Shared Files\Engine">
      <UniqueIdentifier>{08fc8910-8cf6-46ab-8a42-0dde573fe78e}</UniqueIdentifier>
    </Filter>
    <Filter Include="Shared Files\Editor">
      <UniqueIdentifier>{01f84501-4211-47f2-980d-eb4dfbe942de}</UniqueIdentifier>
    </Filter>
    <Filter Include="Shared Files\Plugins">
      <UniqueIdentifier>{045f76c6-48bd-46fa-a579-26776c760639}</UniqueIdentifier>
    </Filter>
    <Filter Include="Shader">
      <UniqueIdentifier>{cbf115ef-fd82-4cc8-a46f-77b0c0f0a6ff}</UniqueIdentifier>
    </Filter>
  </ItemGroup>
  <ItemGroup>
    <ClCompile Include="Material\stdafx.cpp">
      <Filter>Kernel</Filter>
    </ClCompile>
    <ClCompile Include="Material\GameMtlLib.cpp">
      <Filter>Shared Files\Engine</Filter>
    </ClCompile>
    <ClCompile Include="Material\ELog.cpp">
      <Filter>Shared Files\Editor</Filter>
    </ClCompile>
    <ClCompile Include="Material\BlenderListLoader.cpp">
      <Filter>Shared Files\Plugins</Filter>
    </ClCompile>
    <ClCompile Include="Material\crc16.cpp">
      <Filter>Shader</Filter>
    </ClCompile>
    <ClCompile Include="Material\lambertShader.cpp">
      <Filter>Shader</Filter>
    </ClCompile>
  </ItemGroup>
  <ItemGroup>
    <None Include="Material\AElambertShaderTemplate.mel">
      <Filter>Shader</Filter>
    </None>
    <None Include="Material\AEXRayMtlTemplate.mel">
      <Filter>Shader</Filter>
    </None>
  </ItemGroup>
  <ItemGroup>
    <CustomBuild Include="Material\Stdafx.h">
      <Filter>Kernel</Filter>
    </CustomBuild>
    <CustomBuild Include="Material\GameMtlLib.h">
      <Filter>Shared Files\Engine</Filter>
    </CustomBuild>
    <CustomBuild Include="Material\Shader_xrLC.h">
      <Filter>Shared Files\Engine</Filter>
    </CustomBuild>
    <CustomBuild Include="Material\ELog.h">
      <Filter>Shared Files\Editor</Filter>
    </CustomBuild>
    <CustomBuild Include="Material\BlenderListLoader.h">
      <Filter>Shared Files\Plugins</Filter>
    </CustomBuild>
  </ItemGroup>
</Project>