<?xml version="1.0" encoding="utf-8"?>
<Project ToolsVersion="4.0" xmlns="http://schemas.microsoft.com/developer/msbuild/2003">
  <ItemGroup>
    <Filter Include="Kernel">
      <UniqueIdentifier>{41990663-75c1-4694-a78c-77911ddb5a94}</UniqueIdentifier>
    </Filter>
    <Filter Include="Kernel\Resources">
      <UniqueIdentifier>{4734f3b1-0573-47ff-8d31-bf62c0406db3}</UniqueIdentifier>
    </Filter>
    <Filter Include="Kernel\Log">
      <UniqueIdentifier>{2cf20d0a-7104-4fc2-8e14-70f86d189d16}</UniqueIdentifier>
    </Filter>
    <Filter Include="Kernel\Generic">
      <UniqueIdentifier>{634d3b76-484f-49b5-8e3b-8af551ab45e6}</UniqueIdentifier>
    </Filter>
    <Filter Include="Kernel\CDB">
      <UniqueIdentifier>{c190f4f3-2665-4ea2-95bf-0a81c68e86f0}</UniqueIdentifier>
    </Filter>
  </ItemGroup>
  <ItemGroup>
    <ClInclude Include="_d3d_extensions.h">
      <Filter>Kernel</Filter>
    </ClInclude>
    <ClInclude Include="defines.h">
      <Filter>Kernel</Filter>
    </ClInclude>
    <ClInclude Include="StdAfx.h">
      <Filter>Kernel</Filter>
    </ClInclude>
    <ClInclude Include="tga.h">
      <Filter>Kernel</Filter>
    </ClInclude>
    <ClInclude Include="xrSyncronize.h">
      <Filter>Kernel</Filter>
    </ClInclude>
    <ClInclude Include="xrThread.h">
      <Filter>Kernel</Filter>
    </ClInclude>
    <ClInclude Include="resource.h">
      <Filter>Kernel\Resources</Filter>
    </ClInclude>
    <ClInclude Include="cl_log.h">
      <Filter>Kernel\Log</Filter>
    </ClInclude>
    <ClInclude Include="std_classes.h">
      <Filter>Kernel\Generic</Filter>
    </ClInclude>
    <ClInclude Include="cl_intersect.h">
      <Filter>Kernel\CDB</Filter>
    </ClInclude>
    <ClInclude Include="xrCDB.h">
      <Filter>Kernel\CDB</Filter>
    </ClInclude>
    <ClInclude Include="communicate.h" />
    <ClInclude Include="DetailFormat.h" />
    <ClInclude Include="ETextureParams.h" />
    <ClInclude Include="light.h" />
    <ClInclude Include="R_light.h" />
    <ClInclude Include="Shader_xrLC.h" />
    <ClInclude Include="xrHemisphere.h" />
    <ClInclude Include="xrLevel.h" />
    <ClInclude Include="xrShaderTypes.h" />
  </ItemGroup>
  <ItemGroup>
    <ClCompile Include="StdAfx.cpp">
      <Filter>Kernel</Filter>
    </ClCompile>
    <ClCompile Include="tga.cpp">
      <Filter>Kernel</Filter>
    </ClCompile>
    <ClCompile Include="xrThread.cpp">
      <Filter>Kernel</Filter>
    </ClCompile>
    <ClCompile Include="cl_log.cpp">
      <Filter>Kernel\Log</Filter>
    </ClCompile>
    <ClCompile Include="compiler.cpp" />
    <ClCompile Include="xrDO_Light.cpp" />
    <ClCompile Include="..\..\xr_3da\xrLoadSurface.cpp" />
  </ItemGroup>
  <ItemGroup>
    <ResourceCompile Include="resource.rc">
      <Filter>Kernel\Resources</Filter>
    </ResourceCompile>
  </ItemGroup>
</Project>